
Microsoft Visual Studio Solution File, Format Version 12.00
# Visual Studio Version 17
VisualStudioVersion = 17.13.36105.23 d17.13
MinimumVisualStudioVersion = 10.0.40219.1
Project("{FAE04EC0-301F-11D3-BF4B-00C04F79EFBC}") = "RW.IndividualRottenFreshFilters", "RW.IndividualRottenFreshFilters\RW.IndividualRottenFreshFilters.csproj", "{4C299247-CBC4-4F4F-93EA-345E38678FDB}"
EndProject
Global
	GlobalSection(SolutionConfigurationPlatforms) = preSolution
		Debug|Any CPU = Debug|Any CPU
		Release|Any CPU = Release|Any CPU
	EndGlobalSection
	GlobalSection(ProjectConfigurationPlatforms) = postSolution
		{4C299247-CBC4-4F4F-93EA-345E38678FDB}.Debug|Any CPU.ActiveCfg = Debug|Any CPU
		{4C299247-CBC4-4F4F-93EA-345E38678FDB}.Debug|Any CPU.Build.0 = Debug|Any CPU
		{4C299247-CBC4-4F4F-93EA-345E38678FDB}.Release|Any CPU.ActiveCfg = Release|Any CPU
		{4C299247-CBC4-4F4F-93EA-345E38678FDB}.Release|Any CPU.Build.0 = Release|Any CPU
	EndGlobalSection
	GlobalSection(SolutionProperties) = preSolution
		HideSolutionNode = FALSE
	EndGlobalSection
	GlobalSection(ExtensibilityGlobals) = postSolution
		SolutionGuid = {EF9309C3-4BE5-426E-9418-F44943B50793}
	EndGlobalSection
EndGlobal
